
Microsoft Visual Studio Solution File, Format Version 12.00
# Visual Studio 15
VisualStudioVersion = 15.0.26228.0
MinimumVisualStudioVersion = 10.0.40219.1
Project("{FAE04EC0-301F-11D3-BF4B-00C04F79EFBC}") = "RockPaperScissors", "RockPaperScissors.csproj", "{B7BCF4E3-3633-4B4C-A345-C671FBD067B2}"
EndProject
Project("{8BC9CEB8-8B4A-11D0-8D11-00A0C91BC942}") = "EvalCpp", "..\EvalCpp\EvalCpp.vcxproj", "{4FB3D220-CC6D-4061-A711-51E25FB76642}"
EndProject
Global
	GlobalSection(SolutionConfigurationPlatforms) = preSolution
		Debug|Any CPU = Debug|Any CPU
		Debug|ARM = Debug|ARM
		Debug|x64 = Debug|x64
		Debug|x86 = Debug|x86
		Release|Any CPU = Release|Any CPU
		Release|ARM = Release|ARM
		Release|x64 = Release|x64
		Release|x86 = Release|x86
	EndGlobalSection
	GlobalSection(ProjectConfigurationPlatforms) = postSolution
		{B7BCF4E3-3633-4B4C-A345-C671FBD067B2}.Debug|Any CPU.ActiveCfg = Debug|x86
		{B7BCF4E3-3633-4B4C-A345-C671FBD067B2}.Debug|ARM.ActiveCfg = Debug|ARM
		{B7BCF4E3-3633-4B4C-A345-C671FBD067B2}.Debug|ARM.Build.0 = Debug|ARM
		{B7BCF4E3-3633-4B4C-A345-C671FBD067B2}.Debug|ARM.Deploy.0 = Debug|ARM
		{B7BCF4E3-3633-4B4C-A345-C671FBD067B2}.Debug|x64.ActiveCfg = Debug|x64
		{B7BCF4E3-3633-4B4C-A345-C671FBD067B2}.Debug|x64.Build.0 = Debug|x64
		{B7BCF4E3-3633-4B4C-A345-C671FBD067B2}.Debug|x64.Deploy.0 = Debug|x64
		{B7BCF4E3-3633-4B4C-A345-C671FBD067B2}.Debug|x86.ActiveCfg = Debug|x86
		{B7BCF4E3-3633-4B4C-A345-C671FBD067B2}.Debug|x86.Build.0 = Debug|x86
		{B7BCF4E3-3633-4B4C-A345-C671FBD067B2}.Debug|x86.Deploy.0 = Debug|x86
		{B7BCF4E3-3633-4B4C-A345-C671FBD067B2}.Release|Any CPU.ActiveCfg = Release|x86
		{B7BCF4E3-3633-4B4C-A345-C671FBD067B2}.Release|ARM.ActiveCfg = Release|ARM
		{B7BCF4E3-3633-4B4C-A345-C671FBD067B2}.Release|ARM.Build.0 = Release|ARM
		{B7BCF4E3-3633-4B4C-A345-C671FBD067B2}.Release|ARM.Deploy.0 = Release|ARM
		{B7BCF4E3-3633-4B4C-A345-C671FBD067B2}.Release|x64.ActiveCfg = Release|x64
		{B7BCF4E3-3633-4B4C-A345-C671FBD067B2}.Release|x64.Build.0 = Release|x64
		{B7BCF4E3-3633-4B4C-A345-C671FBD067B2}.Release|x64.Deploy.0 = Release|x64
		{B7BCF4E3-3633-4B4C-A345-C671FBD067B2}.Release|x86.ActiveCfg = Release|x86
		{B7BCF4E3-3633-4B4C-A345-C671FBD067B2}.Release|x86.Build.0 = Release|x86
		{B7BCF4E3-3633-4B4C-A345-C671FBD067B2}.Release|x86.Deploy.0 = Release|x86
		{4FB3D220-CC6D-4061-A711-51E25FB76642}.Debug|Any CPU.ActiveCfg = Debug|Win32
		{4FB3D220-CC6D-4061-A711-51E25FB76642}.Debug|ARM.ActiveCfg = Debug|Win32
		{4FB3D220-CC6D-4061-A711-51E25FB76642}.Debug|x64.ActiveCfg = Debug|x64
		{4FB3D220-CC6D-4061-A711-51E25FB76642}.Debug|x64.Build.0 = Debug|x64
		{4FB3D220-CC6D-4061-A711-51E25FB76642}.Debug|x86.ActiveCfg = Debug|Win32
		{4FB3D220-CC6D-4061-A711-51E25FB76642}.Debug|x86.Build.0 = Debug|Win32
		{4FB3D220-CC6D-4061-A711-51E25FB76642}.Release|Any CPU.ActiveCfg = Release|Win32
		{4FB3D220-CC6D-4061-A711-51E25FB76642}.Release|ARM.ActiveCfg = Release|Win32
		{4FB3D220-CC6D-4061-A711-51E25FB76642}.Release|x64.ActiveCfg = Release|x64
		{4FB3D220-CC6D-4061-A711-51E25FB76642}.Release|x64.Build.0 = Release|x64
		{4FB3D220-CC6D-4061-A711-51E25FB76642}.Release|x86.ActiveCfg = Release|Win32
		{4FB3D220-CC6D-4061-A711-51E25FB76642}.Release|x86.Build.0 = Release|Win32
	EndGlobalSection
	GlobalSection(SolutionProperties) = preSolution
		HideSolutionNode = FALSE
	EndGlobalSection
EndGlobal
